
Microsoft Visual Studio Solution File, Format Version 12.00
# Visual Studio 15
VisualStudioVersion = 15.0.28307.1738
MinimumVisualStudioVersion = 10.0.40219.1
Project("{8BC9CEB8-8B4A-11D0-8D11-00A0C91BC942}") = "MouseHook", "MouseHook\MouseHook.vcxproj", "{8EAA7C74-C036-4573-A604-00A1BD961D25}"
EndProject
Project("{8BC9CEB8-8B4A-11D0-8D11-00A0C91BC942}") = "Sans", "Sans\Sans.vcxproj", "{AE91C646-414B-4DFD-839A-C3CDF3E8B744}"
EndProject
Global
	GlobalSection(SolutionConfigurationPlatforms) = preSolution
		Debug|x64 = Debug|x64
		Debug|x86 = Debug|x86
		Release|x64 = Release|x64
		Release|x86 = Release|x86
	EndGlobalSection
	GlobalSection(ProjectConfigurationPlatforms) = postSolution
		{8EAA7C74-C036-4573-A604-00A1BD961D25}.Debug|x64.ActiveCfg = Debug|x64
		{8EAA7C74-C036-4573-A604-00A1BD961D25}.Debug|x64.Build.0 = Debug|x64
		{8EAA7C74-C036-4573-A604-00A1BD961D25}.Debug|x86.ActiveCfg = Debug|Win32
		{8EAA7C74-C036-4573-A604-00A1BD961D25}.Debug|x86.Build.0 = Debug|Win32
		{8EAA7C74-C036-4573-A604-00A1BD961D25}.Release|x64.ActiveCfg = Release|x64
		{8EAA7C74-C036-4573-A604-00A1BD961D25}.Release|x64.Build.0 = Release|x64
		{8EAA7C74-C036-4573-A604-00A1BD961D25}.Release|x86.ActiveCfg = Release|Win32
		{8EAA7C74-C036-4573-A604-00A1BD961D25}.Release|x86.Build.0 = Release|Win32
		{AE91C646-414B-4DFD-839A-C3CDF3E8B744}.Debug|x64.ActiveCfg = Debug|x64
		{AE91C646-414B-4DFD-839A-C3CDF3E8B744}.Debug|x64.Build.0 = Debug|x64
		{AE91C646-414B-4DFD-839A-C3CDF3E8B744}.Debug|x86.ActiveCfg = Debug|Win32
		{AE91C646-414B-4DFD-839A-C3CDF3E8B744}.Debug|x86.Build.0 = Debug|Win32
		{AE91C646-414B-4DFD-839A-C3CDF3E8B744}.Release|x64.ActiveCfg = Release|x64
		{AE91C646-414B-4DFD-839A-C3CDF3E8B744}.Release|x64.Build.0 = Release|x64
		{AE91C646-414B-4DFD-839A-C3CDF3E8B744}.Release|x86.ActiveCfg = Release|Win32
		{AE91C646-414B-4DFD-839A-C3CDF3E8B744}.Release|x86.Build.0 = Release|Win32
	EndGlobalSection
	GlobalSection(SolutionProperties) = preSolution
		HideSolutionNode = FALSE
	EndGlobalSection
	GlobalSection(ExtensibilityGlobals) = postSolution
		SolutionGuid = {04B1FAF3-DE62-4804-A93C-54B154261B1A}
	EndGlobalSection
EndGlobal
